
Microsoft Visual Studio Solution File, Format Version 12.00
# Visual Studio Version 17
VisualStudioVersion = 17.8.34330.188
MinimumVisualStudioVersion = 10.0.40219.1
Project("{9A19103F-16F7-4668-BE54-9A1E7A4F7556}") = "SoapConfigApi", "SoapConfigApi\SoapConfigApi.csproj", "{6389F6A0-03A3-4184-B25D-2E3900D14AC4}"
EndProject
Global
	GlobalSection(SolutionConfigurationPlatforms) = preSolution
		Debug|Any CPU = Debug|Any CPU
		Release|Any CPU = Release|Any CPU
	EndGlobalSection
	GlobalSection(ProjectConfigurationPlatforms) = postSolution
		{6389F6A0-03A3-4184-B25D-2E3900D14AC4}.Debug|Any CPU.ActiveCfg = Debug|Any CPU
		{6389F6A0-03A3-4184-B25D-2E3900D14AC4}.Debug|Any CPU.Build.0 = Debug|Any CPU
		{6389F6A0-03A3-4184-B25D-2E3900D14AC4}.Release|Any CPU.ActiveCfg = Release|Any CPU
		{6389F6A0-03A3-4184-B25D-2E3900D14AC4}.Release|Any CPU.Build.0 = Release|Any CPU
	EndGlobalSection
	GlobalSection(SolutionProperties) = preSolution
		HideSolutionNode = FALSE
	EndGlobalSection
	GlobalSection(ExtensibilityGlobals) = postSolution
		SolutionGuid = {70B4275D-09BF-4C7F-B71B-306BFDDB1F89}
	EndGlobalSection
EndGlobal
